{
  "version": 4,
  "terraform_version": "1.5.4",
  "serial": 3,
  "lineage": "d4610d57-3e68-7c46-14b2-19ce169cbe84",
  "outputs": {},
  "resources": [
    {
      "mode": "managed",
      "type": "idcloudhost_floating_ip",
      "name": "ipdua",
      "provider": "provider[\"registry.terraform.io/bapung/idcloudhost\"]",
      "instances": [
        {
          "schema_version": 0,
          "attributes": {
            "address": "27.112.78.5",
            "assigned_to": "32edf2a1-7f39-4287-b597-75457f7ecb06",
            "billing_account_id": 31344,
            "created_at": "2023-08-19 07:55:12",
            "enabled": true,
            "id": "27.112.78.5",
            "name": "gatewayIP",
            "network_id": "",
            "timeouts": null,
            "type": "public",
            "updated_at": "2023-08-19 07:55:12",
            "user_id": 31344
          },
          "sensitive_attributes": [],
          "private": "eyJlMmJmYjczMC1lY2FhLTExZTYtOGY4OC0zNDM2M2JjN2M0YzAiOnsiY3JlYXRlIjozMDAwMDAwMDAwMDB9fQ==",
          "dependencies": [
            "idcloudhost_vm.gateway"
          ]
        }
      ]
    },
    {
      "mode": "managed",
      "type": "idcloudhost_vm",
      "name": "gateway",
      "provider": "provider[\"registry.terraform.io/bapung/idcloudhost\"]",
      "instances": [
        {
          "schema_version": 0,
          "attributes": {
            "backup": false,
            "billing_account_id": 1200157626,
            "created_at": "2023-08-19 07:53:40",
            "description": "",
            "disks": 20,
            "hostname": "ditoihkam-gateway",
            "hypervisor_id": "",
            "id": "32edf2a1-7f39-4287-b597-75457f7ecb06",
            "initial_password": "Katasand1",
            "mac": "52:54:00:cc:03:f6",
            "memory": 2048,
            "name": "ditoihkam-gateway",
            "os_name": "ubuntu",
            "os_version": "20.04",
            "private_ipv4": "10.71.15.132",
            "public_key": "ssh-rsa AAAAB3NzaC1yc2EAAAADAQABAAABgQDyzr0gG8Rdt/jtTZdLwBbmvm9AFQG8sqnIbyfafbov29TKwnh+H4PSU0a/UBGtTknshi781djcAcQsMmd8zOaYP0F1Y5UURThSPH5GScoX/ZOFB9QpOPnIsyN0hFcBv/cFmBGZ4uiLvgo31FzFocThDhhgpmzM152lClvogRvx8KNEqOg1q2I7yM+KYueu5zXTTlEoKX2d+MRAIYR2FfneuUvos8iPSieXHvNsBG5d9kshBgSiWhWdZbeRarf7O1oIX1yIWs9KdJOTJnAdAdgHuXi1EV8i20+9Jqzk2uP0cSZnWwTVmNgSAKrm6BMlm0Y7kReKOlbF2IIv+IpADMWXeoyx3fgWu55zktHNmrGjTgxUVqtZP3M02t5hcA1sUx+peDTFjftwaBtwqGo9swF5aBv8uNWWNh3dK45t0zyzLj3yq/Ppn4GOlfsKkFnSZ/T09wlu9GMJmysKe1w72+rYRlOUh5mm8S08kOzahaAFWVQoYRWzoKNuJ88dUEU0XBU= ditoihkam@Ditoihkam",
            "source_replica": null,
            "source_uuid": null,
            "status": "running",
            "storage": [
              {
                "created_at": "2023-08-19 07:53:42",
                "id": 0,
                "name": "vda",
                "pool": "n/a",
                "primary": true,
                "replica": [],
                "shared": false,
                "size": 20,
                "type": "n/a",
                "updated_at": "",
                "user_id": 31344,
                "uuid": "81c73ed8-0c8c-4e9f-97ff-8e923c523b82"
              }
            ],
            "tags": [],
            "timeouts": null,
            "updated_at": "2023-08-19 07:55:09",
            "user_id": 31344,
            "username": "ditoihkam",
            "uuid": "32edf2a1-7f39-4287-b597-75457f7ecb06",
            "vcpu": 2
          },
          "sensitive_attributes": [],
          "private": "eyJlMmJmYjczMC1lY2FhLTExZTYtOGY4OC0zNDM2M2JjN2M0YzAiOnsiY3JlYXRlIjozMDAwMDAwMDAwMDB9fQ=="
        }
      ]
    }
  ],
  "check_results": null
}
