{
  "version": 4,
  "terraform_version": "1.5.4",
  "serial": 3,
  "lineage": "70bdb456-e102-155b-efb6-b65c92721d32",
  "outputs": {},
  "resources": [
    {
      "mode": "managed",
      "type": "idcloudhost_floating_ip",
      "name": "ipdua",
      "provider": "provider[\"registry.terraform.io/bapung/idcloudhost\"]",
      "instances": [
        {
          "schema_version": 0,
          "attributes": {
            "address": "103.23.198.158",
            "assigned_to": "97a699fd-6b4a-4cf9-a47f-267ad86e9f20",
            "billing_account_id": 31344,
            "created_at": "2023-07-29 12:41:33",
            "enabled": true,
            "id": "103.23.198.158",
            "name": "gatewayIP",
            "network_id": "",
            "timeouts": null,
            "type": "public",
            "updated_at": "2023-07-29 12:41:34",
            "user_id": 31344
          },
          "sensitive_attributes": [],
          "private": "eyJlMmJmYjczMC1lY2FhLTExZTYtOGY4OC0zNDM2M2JjN2M0YzAiOnsiY3JlYXRlIjozMDAwMDAwMDAwMDB9fQ==",
          "dependencies": [
            "idcloudhost_vm.gateway"
          ]
        }
      ]
    },
    {
      "mode": "managed",
      "type": "idcloudhost_vm",
      "name": "gateway",
      "provider": "provider[\"registry.terraform.io/bapung/idcloudhost\"]",
      "instances": [
        {
          "schema_version": 0,
          "attributes": {
            "backup": false,
            "billing_account_id": 1200157626,
            "created_at": "2023-07-29 12:40:09",
            "description": "",
            "disks": 20,
            "hostname": "ditoihkam-gateway",
            "hypervisor_id": "",
            "id": "97a699fd-6b4a-4cf9-a47f-267ad86e9f20",
            "initial_password": "Katasand1",
            "mac": "52:54:00:a1:0f:41",
            "memory": 1024,
            "name": "ditoihkam-gateway",
            "os_name": "ubuntu",
            "os_version": "20.04",
            "private_ipv4": "10.71.15.78",
            "public_key": "ssh-rsa AAAAB3NzaC1yc2EAAAADAQABAAABgQCvUAXqDaDV+LKmXjvhuHHCsd4YqmZmcOE7Ry0Bb2yP3K8XIuyCO2s8ogV+0or+Je7yRGxFynDP5TSEeUsK7oDngE4W1p9fdFGelK9jVvct6N0xYm8e6ynviMRMjzwHDsyjPPC7vu2a3nMSfobYxLFQ7qI3Kr4NW0vmLuOGtPl1P9l7pncplwuZKlYl1bLT0dMrH4TFthaY0HOUhXwbNIZDBGv+10qke97DD0Dy1scBN/+HdtY2EPQeFkldD309kptZmauI/SHALoes+kL7tZQDxz5JoHdQffbfg++4wGes1uXxm3LFFfO6V6iXNuwscQmfHOvMAYXICsqDLcDkE4NW4EWrR2J5uk3l8B77au0Nf+zYwNohCesAcHLNcYiEGf9YwXnDEJ7q2m1Xh+2rpHeVX0JUVtrt5WMUJwEtTLtv6OhsAzTPAHKoBv8qIcTeuVaznOQbdRqCxCDFQtFZC9T4kQwVXWpE8Ww43m3s5/hMFveP0b7UYLdKlaX047U9Aic= ditoihkamp@Ditoihkam",
            "source_replica": null,
            "source_uuid": null,
            "status": "running",
            "storage": [
              {
                "created_at": "2023-07-29 12:40:13",
                "id": 0,
                "name": "vda",
                "pool": "n/a",
                "primary": true,
                "replica": [],
                "shared": false,
                "size": 20,
                "type": "n/a",
                "updated_at": "",
                "user_id": 31344,
                "uuid": "eed21976-91ae-4224-9c63-74e2a55757bd"
              }
            ],
            "tags": [],
            "timeouts": null,
            "updated_at": "2023-07-29 12:41:29",
            "user_id": 31344,
            "username": "ditoihkam",
            "uuid": "97a699fd-6b4a-4cf9-a47f-267ad86e9f20",
            "vcpu": 2
          },
          "sensitive_attributes": [],
          "private": "eyJlMmJmYjczMC1lY2FhLTExZTYtOGY4OC0zNDM2M2JjN2M0YzAiOnsiY3JlYXRlIjozMDAwMDAwMDAwMDB9fQ=="
        }
      ]
    }
  ],
  "check_results": null
}
