{
  "version": 4,
  "terraform_version": "1.5.4",
  "serial": 3,
  "lineage": "551a6c2c-4125-cfc1-5235-1cf4e4e7f4a9",
  "outputs": {},
  "resources": [
    {
      "mode": "managed",
      "type": "idcloudhost_floating_ip",
      "name": "iptiga",
      "provider": "provider[\"registry.terraform.io/bapung/idcloudhost\"]",
      "instances": [
        {
          "schema_version": 0,
          "attributes": {
            "address": "103.186.1.68",
            "assigned_to": "6019d010-7cb9-44f7-8cda-e7de1b6f6393",
            "billing_account_id": 31344,
            "created_at": "2023-07-29 12:44:42",
            "enabled": true,
            "id": "103.186.1.68",
            "name": "monitoringIP",
            "network_id": "",
            "timeouts": null,
            "type": "public",
            "updated_at": "2023-07-29 12:44:43",
            "user_id": 31344
          },
          "sensitive_attributes": [],
          "private": "eyJlMmJmYjczMC1lY2FhLTExZTYtOGY4OC0zNDM2M2JjN2M0YzAiOnsiY3JlYXRlIjozMDAwMDAwMDAwMDB9fQ==",
          "dependencies": [
            "idcloudhost_vm.monitoring"
          ]
        }
      ]
    },
    {
      "mode": "managed",
      "type": "idcloudhost_vm",
      "name": "monitoring",
      "provider": "provider[\"registry.terraform.io/bapung/idcloudhost\"]",
      "instances": [
        {
          "schema_version": 0,
          "attributes": {
            "backup": false,
            "billing_account_id": 1200157626,
            "created_at": "2023-07-29 12:43:20",
            "description": "",
            "disks": 20,
            "hostname": "ditoihkam-monitoring",
            "hypervisor_id": "",
            "id": "6019d010-7cb9-44f7-8cda-e7de1b6f6393",
            "initial_password": "Katasand1",
            "mac": "52:54:00:a1:98:5a",
            "memory": 2048,
            "name": "ditoihkam-monitoring",
            "os_name": "ubuntu",
            "os_version": "20.04",
            "private_ipv4": "10.71.15.236",
            "public_key": "ssh-rsa AAAAB3NzaC1yc2EAAAADAQABAAABgQCvUAXqDaDV+LKmXjvhuHHCsd4YqmZmcOE7Ry0Bb2yP3K8XIuyCO2s8ogV+0or+Je7yRGxFynDP5TSEeUsK7oDngE4W1p9fdFGelK9jVvct6N0xYm8e6ynviMRMjzwHDsyjPPC7vu2a3nMSfobYxLFQ7qI3Kr4NW0vmLuOGtPl1P9l7pncplwuZKlYl1bLT0dMrH4TFthaY0HOUhXwbNIZDBGv+10qke97DD0Dy1scBN/+HdtY2EPQeFkldD309kptZmauI/SHALoes+kL7tZQDxz5JoHdQffbfg++4wGes1uXxm3LFFfO6V6iXNuwscQmfHOvMAYXICsqDLcDkE4NW4EWrR2J5uk3l8B77au0Nf+zYwNohCesAcHLNcYiEGf9YwXnDEJ7q2m1Xh+2rpHeVX0JUVtrt5WMUJwEtTLtv6OhsAzTPAHKoBv8qIcTeuVaznOQbdRqCxCDFQtFZC9T4kQwVXWpE8Ww43m3s5/hMFveP0b7UYLdKlaX047U9Aic= ditoihkamp@Ditoihkam",
            "source_replica": null,
            "source_uuid": null,
            "status": "running",
            "storage": [
              {
                "created_at": "2023-07-29 12:43:22",
                "id": 0,
                "name": "vda",
                "pool": "n/a",
                "primary": true,
                "replica": [],
                "shared": false,
                "size": 20,
                "type": "n/a",
                "updated_at": "",
                "user_id": 31344,
                "uuid": "f45faabc-7a41-4643-8b58-eb5c38db62bf"
              }
            ],
            "tags": [],
            "timeouts": null,
            "updated_at": "2023-07-29 12:44:39",
            "user_id": 31344,
            "username": "ditoihkam",
            "uuid": "6019d010-7cb9-44f7-8cda-e7de1b6f6393",
            "vcpu": 2
          },
          "sensitive_attributes": [],
          "private": "eyJlMmJmYjczMC1lY2FhLTExZTYtOGY4OC0zNDM2M2JjN2M0YzAiOnsiY3JlYXRlIjozMDAwMDAwMDAwMDB9fQ=="
        }
      ]
    }
  ],
  "check_results": null
}
