{
  "version": 4,
  "terraform_version": "1.5.4",
  "serial": 3,
  "lineage": "9c8c34a0-a259-870b-9df9-f8ecaba88477",
  "outputs": {},
  "resources": [
    {
      "mode": "managed",
      "type": "idcloudhost_floating_ip",
      "name": "ipsatu",
      "provider": "provider[\"registry.terraform.io/bapung/idcloudhost\"]",
      "instances": [
        {
          "schema_version": 0,
          "attributes": {
            "address": "103.23.198.87",
            "assigned_to": "609baada-648d-4cd4-8619-7bfb98dd4679",
            "billing_account_id": 31344,
            "created_at": "2023-07-29 12:37:14",
            "enabled": true,
            "id": "103.23.198.87",
            "name": "appserverIP",
            "network_id": "",
            "timeouts": null,
            "type": "public",
            "updated_at": "2023-07-29 12:37:15",
            "user_id": 31344
          },
          "sensitive_attributes": [],
          "private": "eyJlMmJmYjczMC1lY2FhLTExZTYtOGY4OC0zNDM2M2JjN2M0YzAiOnsiY3JlYXRlIjozMDAwMDAwMDAwMDB9fQ==",
          "dependencies": [
            "idcloudhost_vm.appserver"
          ]
        }
      ]
    },
    {
      "mode": "managed",
      "type": "idcloudhost_vm",
      "name": "appserver",
      "provider": "provider[\"registry.terraform.io/bapung/idcloudhost\"]",
      "instances": [
        {
          "schema_version": 0,
          "attributes": {
            "backup": false,
            "billing_account_id": 1200157626,
            "created_at": "2023-07-29 12:35:54",
            "description": "",
            "disks": 20,
            "hostname": "ditoihkam-app",
            "hypervisor_id": "",
            "id": "609baada-648d-4cd4-8619-7bfb98dd4679",
            "initial_password": "Katasand1",
            "mac": "52:54:00:b5:45:89",
            "memory": 1024,
            "name": "ditoihkam-app",
            "os_name": "ubuntu",
            "os_version": "20.04",
            "private_ipv4": "10.71.15.94",
            "public_key": "ssh-rsa AAAAB3NzaC1yc2EAAAADAQABAAABgQCvUAXqDaDV+LKmXjvhuHHCsd4YqmZmcOE7Ry0Bb2yP3K8XIuyCO2s8ogV+0or+Je7yRGxFynDP5TSEeUsK7oDngE4W1p9fdFGelK9jVvct6N0xYm8e6ynviMRMjzwHDsyjPPC7vu2a3nMSfobYxLFQ7qI3Kr4NW0vmLuOGtPl1P9l7pncplwuZKlYl1bLT0dMrH4TFthaY0HOUhXwbNIZDBGv+10qke97DD0Dy1scBN/+HdtY2EPQeFkldD309kptZmauI/SHALoes+kL7tZQDxz5JoHdQffbfg++4wGes1uXxm3LFFfO6V6iXNuwscQmfHOvMAYXICsqDLcDkE4NW4EWrR2J5uk3l8B77au0Nf+zYwNohCesAcHLNcYiEGf9YwXnDEJ7q2m1Xh+2rpHeVX0JUVtrt5WMUJwEtTLtv6OhsAzTPAHKoBv8qIcTeuVaznOQbdRqCxCDFQtFZC9T4kQwVXWpE8Ww43m3s5/hMFveP0b7UYLdKlaX047U9Aic= ditoihkamp@Ditoihkam",
            "source_replica": null,
            "source_uuid": null,
            "status": "running",
            "storage": [
              {
                "created_at": "2023-07-29 12:35:57",
                "id": 0,
                "name": "vda",
                "pool": "n/a",
                "primary": true,
                "replica": [],
                "shared": false,
                "size": 20,
                "type": "n/a",
                "updated_at": "",
                "user_id": 31344,
                "uuid": "f44a4d6a-21e6-4203-a9cc-d7385df14c64"
              }
            ],
            "tags": [],
            "timeouts": null,
            "updated_at": "2023-07-29 12:37:11",
            "user_id": 31344,
            "username": "ditoihkam",
            "uuid": "609baada-648d-4cd4-8619-7bfb98dd4679",
            "vcpu": 2
          },
          "sensitive_attributes": [],
          "private": "eyJlMmJmYjczMC1lY2FhLTExZTYtOGY4OC0zNDM2M2JjN2M0YzAiOnsiY3JlYXRlIjozMDAwMDAwMDAwMDB9fQ=="
        }
      ]
    }
  ],
  "check_results": null
}
