{
  "version": 4,
  "terraform_version": "1.5.4",
  "serial": 3,
  "lineage": "4b51cd04-b6c5-2e86-2eb1-c083d9a9b329",
  "outputs": {},
  "resources": [
    {
      "mode": "managed",
      "type": "idcloudhost_floating_ip",
      "name": "iptiga",
      "provider": "provider[\"registry.terraform.io/bapung/idcloudhost\"]",
      "instances": [
        {
          "schema_version": 0,
          "attributes": {
            "address": "103.174.114.185",
            "assigned_to": "d67b8b0a-b5cb-4622-af33-8d956186b8a9",
            "billing_account_id": 31344,
            "created_at": "2023-08-19 08:00:06",
            "enabled": true,
            "id": "103.174.114.185",
            "name": "monitoringIP",
            "network_id": "",
            "timeouts": null,
            "type": "public",
            "updated_at": "2023-08-19 08:00:07",
            "user_id": 31344
          },
          "sensitive_attributes": [],
          "private": "eyJlMmJmYjczMC1lY2FhLTExZTYtOGY4OC0zNDM2M2JjN2M0YzAiOnsiY3JlYXRlIjozMDAwMDAwMDAwMDB9fQ==",
          "dependencies": [
            "idcloudhost_vm.monitoring"
          ]
        }
      ]
    },
    {
      "mode": "managed",
      "type": "idcloudhost_vm",
      "name": "monitoring",
      "provider": "provider[\"registry.terraform.io/bapung/idcloudhost\"]",
      "instances": [
        {
          "schema_version": 0,
          "attributes": {
            "backup": false,
            "billing_account_id": 1200157626,
            "created_at": "2023-08-19 07:58:36",
            "description": "",
            "disks": 20,
            "hostname": "ditoihkam-monitoring",
            "hypervisor_id": "",
            "id": "d67b8b0a-b5cb-4622-af33-8d956186b8a9",
            "initial_password": "Katasand1",
            "mac": "52:54:00:65:47:4f",
            "memory": 2048,
            "name": "ditoihkam-monitoring",
            "os_name": "ubuntu",
            "os_version": "20.04",
            "private_ipv4": "10.71.15.197",
            "public_key": "ssh-rsa AAAAB3NzaC1yc2EAAAADAQABAAABgQDyzr0gG8Rdt/jtTZdLwBbmvm9AFQG8sqnIbyfafbov29TKwnh+H4PSU0a/UBGtTknshi781djcAcQsMmd8zOaYP0F1Y5UURThSPH5GScoX/ZOFB9QpOPnIsyN0hFcBv/cFmBGZ4uiLvgo31FzFocThDhhgpmzM152lClvogRvx8KNEqOg1q2I7yM+KYueu5zXTTlEoKX2d+MRAIYR2FfneuUvos8iPSieXHvNsBG5d9kshBgSiWhWdZbeRarf7O1oIX1yIWs9KdJOTJnAdAdgHuXi1EV8i20+9Jqzk2uP0cSZnWwTVmNgSAKrm6BMlm0Y7kReKOlbF2IIv+IpADMWXeoyx3fgWu55zktHNmrGjTgxUVqtZP3M02t5hcA1sUx+peDTFjftwaBtwqGo9swF5aBv8uNWWNh3dK45t0zyzLj3yq/Ppn4GOlfsKkFnSZ/T09wlu9GMJmysKe1w72+rYRlOUh5mm8S08kOzahaAFWVQoYRWzoKNuJ88dUEU0XBU= ditoihkam@Ditoihkam",
            "source_replica": null,
            "source_uuid": null,
            "status": "running",
            "storage": [
              {
                "created_at": "2023-08-19 07:58:39",
                "id": 0,
                "name": "vda",
                "pool": "n/a",
                "primary": true,
                "replica": [],
                "shared": false,
                "size": 20,
                "type": "n/a",
                "updated_at": "",
                "user_id": 31344,
                "uuid": "2b853994-a838-458d-bab4-9e555e563323"
              }
            ],
            "tags": [],
            "timeouts": null,
            "updated_at": "2023-08-19 08:00:03",
            "user_id": 31344,
            "username": "ditoihkam",
            "uuid": "d67b8b0a-b5cb-4622-af33-8d956186b8a9",
            "vcpu": 2
          },
          "sensitive_attributes": [],
          "private": "eyJlMmJmYjczMC1lY2FhLTExZTYtOGY4OC0zNDM2M2JjN2M0YzAiOnsiY3JlYXRlIjozMDAwMDAwMDAwMDB9fQ=="
        }
      ]
    }
  ],
  "check_results": null
}
